// !$*UTF8*$!
{
	archiveVersion = 1;
	classes = {
	};
	objectVersion = 50;
	objects = {

/* Begin PBXBuildFile section */
		2B07393222796B6800162B5B /* SettingsControllerTableViewController.swift in Sources */ = {isa = PBXBuildFile; fileRef = 2B07393122796B6800162B5B /* SettingsControllerTableViewController.swift */; };
		2BB5E5F622670D060065DA87 /* AppDelegate.swift in Sources */ = {isa = PBXBuildFile; fileRef = 2BB5E5F522670D060065DA87 /* AppDelegate.swift */; };
		2BB5E5F822670D060065DA87 /* GameViewController.swift in Sources */ = {isa = PBXBuildFile; fileRef = 2BB5E5F722670D060065DA87 /* GameViewController.swift */; };
		2BB5E5FB22670D060065DA87 /* Main.storyboard in Resources */ = {isa = PBXBuildFile; fileRef = 2BB5E5F922670D060065DA87 /* Main.storyboard */; };
		2BB5E5FD22670D070065DA87 /* Assets.xcassets in Resources */ = {isa = PBXBuildFile; fileRef = 2BB5E5FC22670D070065DA87 /* Assets.xcassets */; };
		2BB5E60022670D070065DA87 /* LaunchScreen.storyboard in Resources */ = {isa = PBXBuildFile; fileRef = 2BB5E5FE22670D070065DA87 /* LaunchScreen.storyboard */; };
		2BB5E60C2267104C0065DA87 /* MainMenu.swift in Sources */ = {isa = PBXBuildFile; fileRef = 2BB5E60B2267104C0065DA87 /* MainMenu.swift */; };
		30DB36D5227EF6B800B6E2BB /* Player.swift in Sources */ = {isa = PBXBuildFile; fileRef = 30DB36D4227EF6B800B6E2BB /* Player.swift */; };
		30DB36D7227EF7B900B6E2BB /* Bubble.swift in Sources */ = {isa = PBXBuildFile; fileRef = 30DB36D6227EF7B900B6E2BB /* Bubble.swift */; };
		30DB36D9227EFB0400B6E2BB /* LeaderboardTableViewController.swift in Sources */ = {isa = PBXBuildFile; fileRef = 30DB36D8227EFB0400B6E2BB /* LeaderboardTableViewController.swift */; };
		30DB36DB227EFBDB00B6E2BB /* GameManager.swift in Sources */ = {isa = PBXBuildFile; fileRef = 30DB36DA227EFBDB00B6E2BB /* GameManager.swift */; };
/* End PBXBuildFile section */

/* Begin PBXFileReference section */
		2B07393122796B6800162B5B /* SettingsControllerTableViewController.swift */ = {isa = PBXFileReference; lastKnownFileType = sourcecode.swift; path = SettingsControllerTableViewController.swift; sourceTree = "<group>"; };
		2BB5E5F222670D060065DA87 /* Bubble Pop.app */ = {isa = PBXFileReference; explicitFileType = wrapper.application; includeInIndex = 0; path = "Bubble Pop.app"; sourceTree = BUILT_PRODUCTS_DIR; };
		2BB5E5F522670D060065DA87 /* AppDelegate.swift */ = {isa = PBXFileReference; lastKnownFileType = sourcecode.swift; path = AppDelegate.swift; sourceTree = "<group>"; };
		2BB5E5F722670D060065DA87 /* GameViewController.swift */ = {isa = PBXFileReference; lastKnownFileType = sourcecode.swift; path = GameViewController.swift; sourceTree = "<group>"; };
		2BB5E5FA22670D060065DA87 /* Base */ = {isa = PBXFileReference; lastKnownFileType = file.storyboard; name = Base; path = Base.lproj/Main.storyboard; sourceTree = "<group>"; };
		2BB5E5FC22670D070065DA87 /* Assets.xcassets */ = {isa = PBXFileReference; lastKnownFileType = folder.assetcatalog; path = Assets.xcassets; sourceTree = "<group>"; };
		2BB5E5FF22670D070065DA87 /* Base */ = {isa = PBXFileReference; lastKnownFileType = file.storyboard; name = Base; path = Base.lproj/LaunchScreen.storyboard; sourceTree = "<group>"; };
		2BB5E60122670D070065DA87 /* Info.plist */ = {isa = PBXFileReference; lastKnownFileType = text.plist.xml; path = Info.plist; sourceTree = "<group>"; };
		2BB5E60B2267104C0065DA87 /* MainMenu.swift */ = {isa = PBXFileReference; lastKnownFileType = sourcecode.swift; path = MainMenu.swift; sourceTree = "<group>"; };
		30DB36D4227EF6B800B6E2BB /* Player.swift */ = {isa = PBXFileReference; lastKnownFileType = sourcecode.swift; path = Player.swift; sourceTree = "<group>"; };
		30DB36D6227EF7B900B6E2BB /* Bubble.swift */ = {isa = PBXFileReference; lastKnownFileType = sourcecode.swift; path = Bubble.swift; sourceTree = "<group>"; };
		30DB36D8227EFB0400B6E2BB /* LeaderboardTableViewController.swift */ = {isa = PBXFileReference; lastKnownFileType = sourcecode.swift; path = LeaderboardTableViewController.swift; sourceTree = "<group>"; };
		30DB36DA227EFBDB00B6E2BB /* GameManager.swift */ = {isa = PBXFileReference; lastKnownFileType = sourcecode.swift; path = GameManager.swift; sourceTree = "<group>"; };
/* End PBXFileReference section */

/* Begin PBXFrameworksBuildPhase section */
		2BB5E5EF22670D060065DA87 /* Frameworks */ = {
			isa = PBXFrameworksBuildPhase;
			buildActionMask = 2147483647;
			files = (
			);
			runOnlyForDeploymentPostprocessing = 0;
		};
/* End PBXFrameworksBuildPhase section */

/* Begin PBXGroup section */
		2BB5E5E922670D060065DA87 = {
			isa = PBXGroup;
			children = (
				2BB5E5F422670D060065DA87 /* Bubble Pop */,
				2BB5E5F322670D060065DA87 /* Products */,
			);
			sourceTree = "<group>";
		};
		2BB5E5F322670D060065DA87 /* Products */ = {
			isa = PBXGroup;
			children = (
				2BB5E5F222670D060065DA87 /* Bubble Pop.app */,
			);
			name = Products;
			sourceTree = "<group>";
		};
		2BB5E5F422670D060065DA87 /* Bubble Pop */ = {
			isa = PBXGroup;
			children = (
				30DB36D3227EF67B00B6E2BB /* Game */,
				2BB5E60A2267101D0065DA87 /* Scenes */,
				2BB5E60922670E3C0065DA87 /* Configuration */,
				2BB5E60722670DC40065DA87 /* ViewController */,
				2BB5E60822670DEE0065DA87 /* Assets */,
				2BB5E60122670D070065DA87 /* Info.plist */,
			);
			path = "Bubble Pop";
			sourceTree = "<group>";
		};
		2BB5E60722670DC40065DA87 /* ViewController */ = {
			isa = PBXGroup;
			children = (
				2BB5E5F722670D060065DA87 /* GameViewController.swift */,
				2B07393122796B6800162B5B /* SettingsControllerTableViewController.swift */,
				30DB36D8227EFB0400B6E2BB /* LeaderboardTableViewController.swift */,
			);
			path = ViewController;
			sourceTree = "<group>";
		};
		2BB5E60822670DEE0065DA87 /* Assets */ = {
			isa = PBXGroup;
			children = (
				2BB5E5FC22670D070065DA87 /* Assets.xcassets */,
				2BB5E5F922670D060065DA87 /* Main.storyboard */,
				2BB5E5FE22670D070065DA87 /* LaunchScreen.storyboard */,
			);
			path = Assets;
			sourceTree = "<group>";
		};
		2BB5E60922670E3C0065DA87 /* Configuration */ = {
			isa = PBXGroup;
			children = (
				2BB5E5F522670D060065DA87 /* AppDelegate.swift */,
			);
			path = Configuration;
			sourceTree = "<group>";
		};
		2BB5E60A2267101D0065DA87 /* Scenes */ = {
			isa = PBXGroup;
			children = (
				2BB5E60B2267104C0065DA87 /* MainMenu.swift */,
			);
			path = Scenes;
			sourceTree = "<group>";
		};
		30DB36D3227EF67B00B6E2BB /* Game */ = {
			isa = PBXGroup;
			children = (
				30DB36D4227EF6B800B6E2BB /* Player.swift */,
				30DB36D6227EF7B900B6E2BB /* Bubble.swift */,
				30DB36DA227EFBDB00B6E2BB /* GameManager.swift */,
			);
			path = Game;
			sourceTree = "<group>";
		};
/* End PBXGroup section */

/* Begin PBXNativeTarget section */
		2BB5E5F122670D060065DA87 /* Bubble Pop */ = {
			isa = PBXNativeTarget;
			buildConfigurationList = 2BB5E60422670D070065DA87 /* Build configuration list for PBXNativeTarget "Bubble Pop" */;
			buildPhases = (
				2BB5E5EE22670D060065DA87 /* Sources */,
				2BB5E5EF22670D060065DA87 /* Frameworks */,
				2BB5E5F022670D060065DA87 /* Resources */,
			);
			buildRules = (
			);
			dependencies = (
			);
			name = "Bubble Pop";
			productName = "Bubble Pop";
			productReference = 2BB5E5F222670D060065DA87 /* Bubble Pop.app */;
			productType = "com.apple.product-type.application";
		};
/* End PBXNativeTarget section */

/* Begin PBXProject section */
		2BB5E5EA22670D060065DA87 /* Project object */ = {
			isa = PBXProject;
			attributes = {
				KnownAssetTags = (
					Settings,
				);
				LastSwiftUpdateCheck = 1010;
				LastUpgradeCheck = 1010;
				ORGANIZATIONNAME = "Jhon Stewar Rayo Mosquera";
				TargetAttributes = {
					2BB5E5F122670D060065DA87 = {
						CreatedOnToolsVersion = 10.1;
						LastSwiftMigration = 1010;
					};
				};
			};
			buildConfigurationList = 2BB5E5ED22670D060065DA87 /* Build configuration list for PBXProject "Bubble Pop" */;
			compatibilityVersion = "Xcode 9.3";
			developmentRegion = en;
			hasScannedForEncodings = 0;
			knownRegions = (
				en,
				Base,
			);
			mainGroup = 2BB5E5E922670D060065DA87;
			productRefGroup = 2BB5E5F322670D060065DA87 /* Products */;
			projectDirPath = "";
			projectRoot = "";
			targets = (
				2BB5E5F122670D060065DA87 /* Bubble Pop */,
			);
		};
/* End PBXProject section */

/* Begin PBXResourcesBuildPhase section */
		2BB5E5F022670D060065DA87 /* Resources */ = {
			isa = PBXResourcesBuildPhase;
			buildActionMask = 2147483647;
			files = (
				2BB5E60022670D070065DA87 /* LaunchScreen.storyboard in Resources */,
				2BB5E5FD22670D070065DA87 /* Assets.xcassets in Resources */,
				2BB5E5FB22670D060065DA87 /* Main.storyboard in Resources */,
			);
			runOnlyForDeploymentPostprocessing = 0;
		};
/* End PBXResourcesBuildPhase section */

/* Begin PBXSourcesBuildPhase section */
		2BB5E5EE22670D060065DA87 /* Sources */ = {
			isa = PBXSourcesBuildPhase;
			buildActionMask = 2147483647;
			files = (
				2BB5E5F822670D060065DA87 /* GameViewController.swift in Sources */,
				30DB36D7227EF7B900B6E2BB /* Bubble.swift in Sources */,
				30DB36D9227EFB0400B6E2BB /* LeaderboardTableViewController.swift in Sources */,
				2BB5E60C2267104C0065DA87 /* MainMenu.swift in Sources */,
				2B07393222796B6800162B5B /* SettingsControllerTableViewController.swift in Sources */,
				30DB36D5227EF6B800B6E2BB /* Player.swift in Sources */,
				30DB36DB227EFBDB00B6E2BB /* GameManager.swift in Sources */,
				2BB5E5F622670D060065DA87 /* AppDelegate.swift in Sources */,
			);
			runOnlyForDeploymentPostprocessing = 0;
		};
/* End PBXSourcesBuildPhase section */

/* Begin PBXVariantGroup section */
		2BB5E5F922670D060065DA87 /* Main.storyboard */ = {
			isa = PBXVariantGroup;
			children = (
				2BB5E5FA22670D060065DA87 /* Base */,
			);
			name = Main.storyboard;
			sourceTree = "<group>";
		};
		2BB5E5FE22670D070065DA87 /* LaunchScreen.storyboard */ = {
			isa = PBXVariantGroup;
			children = (
				2BB5E5FF22670D070065DA87 /* Base */,
			);
			name = LaunchScreen.storyboard;
			sourceTree = "<group>";
		};
/* End PBXVariantGroup section */

/* Begin XCBuildConfiguration section */
		2BB5E60222670D070065DA87 /* Debug */ = {
			isa = XCBuildConfiguration;
			buildSettings = {
				ALWAYS_SEARCH_USER_PATHS = NO;
				CLANG_ANALYZER_NONNULL = YES;
				CLANG_ANALYZER_NUMBER_OBJECT_CONVERSION = YES_AGGRESSIVE;
				CLANG_CXX_LANGUAGE_STANDARD = "gnu++14";
				CLANG_CXX_LIBRARY = "libc++";
				CLANG_ENABLE_MODULES = YES;
				CLANG_ENABLE_OBJC_ARC = YES;
				CLANG_ENABLE_OBJC_WEAK = YES;
				CLANG_WARN_BLOCK_CAPTURE_AUTORELEASING = YES;
				CLANG_WARN_BOOL_CONVERSION = YES;
				CLANG_WARN_COMMA = YES;
				CLANG_WARN_CONSTANT_CONVERSION = YES;
				CLANG_WARN_DEPRECATED_OBJC_IMPLEMENTATIONS = YES;
				CLANG_WARN_DIRECT_OBJC_ISA_USAGE = YES_ERROR;
				CLANG_WARN_DOCUMENTATION_COMMENTS = YES;
				CLANG_WARN_EMPTY_BODY = YES;
				CLANG_WARN_ENUM_CONVERSION = YES;
				CLANG_WARN_INFINITE_RECURSION = YES;
				CLANG_WARN_INT_CONVERSION = YES;
				CLANG_WARN_NON_LITERAL_NULL_CONVERSION = YES;
				CLANG_WARN_OBJC_IMPLICIT_RETAIN_SELF = YES;
				CLANG_WARN_OBJC_LITERAL_CONVERSION = YES;
				CLANG_WARN_OBJC_ROOT_CLASS = YES_ERROR;
				CLANG_WARN_RANGE_LOOP_ANALYSIS = YES;
				CLANG_WARN_STRICT_PROTOTYPES = YES;
				CLANG_WARN_SUSPICIOUS_MOVE = YES;
				CLANG_WARN_UNGUARDED_AVAILABILITY = YES_AGGRESSIVE;
				CLANG_WARN_UNREACHABLE_CODE = YES;
				CLANG_WARN__DUPLICATE_METHOD_MATCH = YES;
				CODE_SIGN_IDENTITY = "iPhone Developer";
				COPY_PHASE_STRIP = NO;
				DEBUG_INFORMATION_FORMAT = dwarf;
				ENABLE_STRICT_OBJC_MSGSEND = YES;
				ENABLE_TESTABILITY = YES;
				GCC_C_LANGUAGE_STANDARD = gnu11;
				GCC_DYNAMIC_NO_PIC = NO;
				GCC_NO_COMMON_BLOCKS = YES;
				GCC_OPTIMIZATION_LEVEL = 0;
				GCC_PREPROCESSOR_DEFINITIONS = (
					"DEBUG=1",
					"$(inherited)",
				);
				GCC_WARN_64_TO_32_BIT_CONVERSION = YES;
				GCC_WARN_ABOUT_RETURN_TYPE = YES_ERROR;
				GCC_WARN_UNDECLARED_SELECTOR = YES;
				GCC_WARN_UNINITIALIZED_AUTOS = YES_AGGRESSIVE;
				GCC_WARN_UNUSED_FUNCTION = YES;
				GCC_WARN_UNUSED_VARIABLE = YES;
				IPHONEOS_DEPLOYMENT_TARGET = 12.1;
				MTL_ENABLE_DEBUG_INFO = INCLUDE_SOURCE;
				MTL_FAST_MATH = YES;
				ONLY_ACTIVE_ARCH = YES;
				SDKROOT = iphoneos;
				SWIFT_ACTIVE_COMPILATION_CONDITIONS = DEBUG;
				SWIFT_OPTIMIZATION_LEVEL = "-Onone";
			};
			name = Debug;
		};
		2BB5E60322670D070065DA87 /* Release */ = {
			isa = XCBuildConfiguration;
			buildSettings = {
				ALWAYS_SEARCH_USER_PATHS = NO;
				CLANG_ANALYZER_NONNULL = YES;
				CLANG_ANALYZER_NUMBER_OBJECT_CONVERSION = YES_AGGRESSIVE;
				CLANG_CXX_LANGUAGE_STANDARD = "gnu++14";
				CLANG_CXX_LIBRARY = "libc++";
				CLANG_ENABLE_MODULES = YES;
				CLANG_ENABLE_OBJC_ARC = YES;
				CLANG_ENABLE_OBJC_WEAK = YES;
				CLANG_WARN_BLOCK_CAPTURE_AUTORELEASING = YES;
				CLANG_WARN_BOOL_CONVERSION = YES;
				CLANG_WARN_COMMA = YES;
				CLANG_WARN_CONSTANT_CONVERSION = YES;
				CLANG_WARN_DEPRECATED_OBJC_IMPLEMENTATIONS = YES;
				CLANG_WARN_DIRECT_OBJC_ISA_USAGE = YES_ERROR;
				CLANG_WARN_DOCUMENTATION_COMMENTS = YES;
				CLANG_WARN_EMPTY_BODY = YES;
				CLANG_WARN_ENUM_CONVERSION = YES;
				CLANG_WARN_INFINITE_RECURSION = YES;
				CLANG_WARN_INT_CONVERSION = YES;
				CLANG_WARN_NON_LITERAL_NULL_CONVERSION = YES;
				CLANG_WARN_OBJC_IMPLICIT_RETAIN_SELF = YES;
				CLANG_WARN_OBJC_LITERAL_CONVERSION = YES;
				CLANG_WARN_OBJC_ROOT_CLASS = YES_ERROR;
				CLANG_WARN_RANGE_LOOP_ANALYSIS = YES;
				CLANG_WARN_STRICT_PROTOTYPES = YES;
				CLANG_WARN_SUSPICIOUS_MOVE = YES;
				CLANG_WARN_UNGUARDED_AVAILABILITY = YES_AGGRESSIVE;
				CLANG_WARN_UNREACHABLE_CODE = YES;
				CLANG_WARN__DUPLICATE_METHOD_MATCH = YES;
				CODE_SIGN_IDENTITY = "iPhone Developer";
				COPY_PHASE_STRIP = NO;
				DEBUG_INFORMATION_FORMAT = "dwarf-with-dsym";
				ENABLE_NS_ASSERTIONS = NO;
				ENABLE_STRICT_OBJC_MSGSEND = YES;
				GCC_C_LANGUAGE_STANDARD = gnu11;
				GCC_NO_COMMON_BLOCKS = YES;
				GCC_WARN_64_TO_32_BIT_CONVERSION = YES;
				GCC_WARN_ABOUT_RETURN_TYPE = YES_ERROR;
				GCC_WARN_UNDECLARED_SELECTOR = YES;
				GCC_WARN_UNINITIALIZED_AUTOS = YES_AGGRESSIVE;
				GCC_WARN_UNUSED_FUNCTION = YES;
				GCC_WARN_UNUSED_VARIABLE = YES;
				IPHONEOS_DEPLOYMENT_TARGET = 12.1;
				MTL_ENABLE_DEBUG_INFO = NO;
				MTL_FAST_MATH = YES;
				SDKROOT = iphoneos;
				SWIFT_COMPILATION_MODE = wholemodule;
				SWIFT_OPTIMIZATION_LEVEL = "-O";
				VALIDATE_PRODUCT = YES;
			};
			name = Release;
		};
		2BB5E60522670D070065DA87 /* Debug */ = {
			isa = XCBuildConfiguration;
			buildSettings = {
				ASSETCATALOG_COMPILER_APPICON_NAME = AppIcon;
				CLANG_ENABLE_MODULES = YES;
				CODE_SIGN_IDENTITY = "iPhone Developer";
				CODE_SIGN_STYLE = Automatic;
				DEVELOPMENT_TEAM = "";
				INFOPLIST_FILE = "Bubble Pop/Info.plist";
				IPHONEOS_DEPLOYMENT_TARGET = 12.1;
				LD_RUNPATH_SEARCH_PATHS = (
					"$(inherited)",
					"@executable_path/Frameworks",
				);
				PRODUCT_BUNDLE_IDENTIFIER = "-3514233.Bubble-Pop";
				PRODUCT_NAME = "$(TARGET_NAME)";
				PROVISIONING_PROFILE_SPECIFIER = "";
				SWIFT_OPTIMIZATION_LEVEL = "-Onone";
				SWIFT_VERSION = 4.2;
				TARGETED_DEVICE_FAMILY = "1,2";
			};
			name = Debug;
		};
		2BB5E60622670D070065DA87 /* Release */ = {
			isa = XCBuildConfiguration;
			buildSettings = {
				ASSETCATALOG_COMPILER_APPICON_NAME = AppIcon;
				CLANG_ENABLE_MODULES = YES;
				CODE_SIGN_IDENTITY = "iPhone Developer";
				CODE_SIGN_STYLE = Automatic;
				DEVELOPMENT_TEAM = "";
				INFOPLIST_FILE = "Bubble Pop/Info.plist";
				IPHONEOS_DEPLOYMENT_TARGET = 12.1;
				LD_RUNPATH_SEARCH_PATHS = (
					"$(inherited)",
					"@executable_path/Frameworks",
				);
				PRODUCT_BUNDLE_IDENTIFIER = "-3514233.Bubble-Pop";
				PRODUCT_NAME = "$(TARGET_NAME)";
				PROVISIONING_PROFILE_SPECIFIER = "";
				SWIFT_VERSION = 4.2;
				TARGETED_DEVICE_FAMILY = "1,2";
			};
			name = Release;
		};
/* End XCBuildConfiguration section */

/* Begin XCConfigurationList section */
		2BB5E5ED22670D060065DA87 /* Build configuration list for PBXProject "Bubble Pop" */ = {
			isa = XCConfigurationList;
			buildConfigurations = (
				2BB5E60222670D070065DA87 /* Debug */,
				2BB5E60322670D070065DA87 /* Release */,
			);
			defaultConfigurationIsVisible = 0;
			defaultConfigurationName = Release;
		};
		2BB5E60422670D070065DA87 /* Build configuration list for PBXNativeTarget "Bubble Pop" */ = {
			isa = XCConfigurationList;
			buildConfigurations = (
				2BB5E60522670D070065DA87 /* Debug */,
				2BB5E60622670D070065DA87 /* Release */,
			);
			defaultConfigurationIsVisible = 0;
			defaultConfigurationName = Release;
		};
/* End XCConfigurationList section */
	};
	rootObject = 2BB5E5EA22670D060065DA87 /* Project object */;
}
